
Microsoft Visual Studio Solution File, Format Version 12.00
# Visual Studio Version 17
VisualStudioVersion = 17.7.34221.43
MinimumVisualStudioVersion = 10.0.40219.1
Project("{FAE04EC0-301F-11D3-BF4B-00C04F79EFBC}") = "Program for Notes", "Program for Notes\Program for Notes.csproj", "{76E767B1-A78B-4FB6-A71E-DC36AD976A7C}"
EndProject
Global
	GlobalSection(SolutionConfigurationPlatforms) = preSolution
		Debug|Any CPU = Debug|Any CPU
		Release|Any CPU = Release|Any CPU
	EndGlobalSection
	GlobalSection(ProjectConfigurationPlatforms) = postSolution
		{76E767B1-A78B-4FB6-A71E-DC36AD976A7C}.Debug|Any CPU.ActiveCfg = Debug|Any CPU
		{76E767B1-A78B-4FB6-A71E-DC36AD976A7C}.Debug|Any CPU.Build.0 = Debug|Any CPU
		{76E767B1-A78B-4FB6-A71E-DC36AD976A7C}.Release|Any CPU.ActiveCfg = Release|Any CPU
		{76E767B1-A78B-4FB6-A71E-DC36AD976A7C}.Release|Any CPU.Build.0 = Release|Any CPU
	EndGlobalSection
	GlobalSection(SolutionProperties) = preSolution
		HideSolutionNode = FALSE
	EndGlobalSection
	GlobalSection(ExtensibilityGlobals) = postSolution
		SolutionGuid = {5A816340-F1FD-4247-AAFB-01DA3E676884}
	EndGlobalSection
EndGlobal
